
Microsoft Visual Studio Solution File, Format Version 12.00
# Visual Studio Version 17
VisualStudioVersion = 17.2.32630.192
MinimumVisualStudioVersion = 10.0.40219.1
Project("{FAE04EC0-301F-11D3-BF4B-00C04F79EFBC}") = "Fullstack.API", "Fullstack.API\Fullstack.API.csproj", "{08348D0E-6944-491E-9CD1-C8CDE15E0503}"
EndProject
Global
	GlobalSection(SolutionConfigurationPlatforms) = preSolution
		Debug|Any CPU = Debug|Any CPU
		Release|Any CPU = Release|Any CPU
	EndGlobalSection
	GlobalSection(ProjectConfigurationPlatforms) = postSolution
		{08348D0E-6944-491E-9CD1-C8CDE15E0503}.Debug|Any CPU.ActiveCfg = Debug|Any CPU
		{08348D0E-6944-491E-9CD1-C8CDE15E0503}.Debug|Any CPU.Build.0 = Debug|Any CPU
		{08348D0E-6944-491E-9CD1-C8CDE15E0503}.Release|Any CPU.ActiveCfg = Release|Any CPU
		{08348D0E-6944-491E-9CD1-C8CDE15E0503}.Release|Any CPU.Build.0 = Release|Any CPU
	EndGlobalSection
	GlobalSection(SolutionProperties) = preSolution
		HideSolutionNode = FALSE
	EndGlobalSection
	GlobalSection(ExtensibilityGlobals) = postSolution
		SolutionGuid = {99444FB4-B002-4E7F-BA1C-6515C3BED387}
	EndGlobalSection
EndGlobal
